// !$*UTF8*$!
{
	archiveVersion = 1;
	classes = {
	};
	objectVersion = 50;
	objects = {

/* Begin PBXBuildFile section */
		8A7AE10624013C5900DAC019 /* AppDelegate.swift in Sources */ = {isa = PBXBuildFile; fileRef = 8A7AE10524013C5900DAC019 /* AppDelegate.swift */; };
		8A7AE10824013C5900DAC019 /* ViewController.swift in Sources */ = {isa = PBXBuildFile; fileRef = 8A7AE10724013C5900DAC019 /* ViewController.swift */; };
		8A7AE10B24013C5900DAC019 /* Main.storyboard in Resources */ = {isa = PBXBuildFile; fileRef = 8A7AE10924013C5900DAC019 /* Main.storyboard */; };
		8A7AE10D24013C5B00DAC019 /* Assets.xcassets in Resources */ = {isa = PBXBuildFile; fileRef = 8A7AE10C24013C5B00DAC019 /* Assets.xcassets */; };
		8A7AE11024013C5B00DAC019 /* LaunchScreen.storyboard in Resources */ = {isa = PBXBuildFile; fileRef = 8A7AE10E24013C5B00DAC019 /* LaunchScreen.storyboard */; };
		8A7AE11824016ED700DAC019 /* ViewController+HandlePages.swift in Sources */ = {isa = PBXBuildFile; fileRef = 8A7AE11724016ED700DAC019 /* ViewController+HandlePages.swift */; };
		8A7AE11A24016F3200DAC019 /* ViewController+ProgressBar.swift in Sources */ = {isa = PBXBuildFile; fileRef = 8A7AE11924016F3200DAC019 /* ViewController+ProgressBar.swift */; };
		8A7AE11C2401841E00DAC019 /* LinksViewController.swift in Sources */ = {isa = PBXBuildFile; fileRef = 8A7AE11B2401841E00DAC019 /* LinksViewController.swift */; };
		8A7AE1202401A7D900DAC019 /* LinksProtocol.swift in Sources */ = {isa = PBXBuildFile; fileRef = 8A7AE11F2401A7D900DAC019 /* LinksProtocol.swift */; };
/* End PBXBuildFile section */

/* Begin PBXFileReference section */
		8A7AE10224013C5900DAC019 /* Easy-Browser.app */ = {isa = PBXFileReference; explicitFileType = wrapper.application; includeInIndex = 0; path = "Easy-Browser.app"; sourceTree = BUILT_PRODUCTS_DIR; };
		8A7AE10524013C5900DAC019 /* AppDelegate.swift */ = {isa = PBXFileReference; lastKnownFileType = sourcecode.swift; path = AppDelegate.swift; sourceTree = "<group>"; };
		8A7AE10724013C5900DAC019 /* ViewController.swift */ = {isa = PBXFileReference; lastKnownFileType = sourcecode.swift; path = ViewController.swift; sourceTree = "<group>"; };
		8A7AE10A24013C5900DAC019 /* Base */ = {isa = PBXFileReference; lastKnownFileType = file.storyboard; name = Base; path = Base.lproj/Main.storyboard; sourceTree = "<group>"; };
		8A7AE10C24013C5B00DAC019 /* Assets.xcassets */ = {isa = PBXFileReference; lastKnownFileType = folder.assetcatalog; path = Assets.xcassets; sourceTree = "<group>"; };
		8A7AE10F24013C5B00DAC019 /* Base */ = {isa = PBXFileReference; lastKnownFileType = file.storyboard; name = Base; path = Base.lproj/LaunchScreen.storyboard; sourceTree = "<group>"; };
		8A7AE11124013C5B00DAC019 /* Info.plist */ = {isa = PBXFileReference; lastKnownFileType = text.plist.xml; path = Info.plist; sourceTree = "<group>"; };
		8A7AE11724016ED700DAC019 /* ViewController+HandlePages.swift */ = {isa = PBXFileReference; lastKnownFileType = sourcecode.swift; path = "ViewController+HandlePages.swift"; sourceTree = "<group>"; };
		8A7AE11924016F3200DAC019 /* ViewController+ProgressBar.swift */ = {isa = PBXFileReference; lastKnownFileType = sourcecode.swift; path = "ViewController+ProgressBar.swift"; sourceTree = "<group>"; };
		8A7AE11B2401841E00DAC019 /* LinksViewController.swift */ = {isa = PBXFileReference; lastKnownFileType = sourcecode.swift; path = LinksViewController.swift; sourceTree = "<group>"; };
		8A7AE11F2401A7D900DAC019 /* LinksProtocol.swift */ = {isa = PBXFileReference; lastKnownFileType = sourcecode.swift; path = LinksProtocol.swift; sourceTree = "<group>"; };
/* End PBXFileReference section */

/* Begin PBXFrameworksBuildPhase section */
		8A7AE0FF24013C5900DAC019 /* Frameworks */ = {
			isa = PBXFrameworksBuildPhase;
			buildActionMask = 2147483647;
			files = (
			);
			runOnlyForDeploymentPostprocessing = 0;
		};
/* End PBXFrameworksBuildPhase section */

/* Begin PBXGroup section */
		8A7AE0F924013C5900DAC019 = {
			isa = PBXGroup;
			children = (
				8A7AE10424013C5900DAC019 /* Easy-Browser */,
				8A7AE10324013C5900DAC019 /* Products */,
			);
			sourceTree = "<group>";
		};
		8A7AE10324013C5900DAC019 /* Products */ = {
			isa = PBXGroup;
			children = (
				8A7AE10224013C5900DAC019 /* Easy-Browser.app */,
			);
			name = Products;
			sourceTree = "<group>";
		};
		8A7AE10424013C5900DAC019 /* Easy-Browser */ = {
			isa = PBXGroup;
			children = (
				8A7AE10524013C5900DAC019 /* AppDelegate.swift */,
				8A7AE1222401B54300DAC019 /* Design */,
				8A7AE1212401B52B00DAC019 /* ViewControllers */,
				8A7AE11E2401A7B900DAC019 /* Protocols */,
				8A7AE11D2401849500DAC019 /* Extenstions */,
				8A7AE10C24013C5B00DAC019 /* Assets.xcassets */,
				8A7AE11124013C5B00DAC019 /* Info.plist */,
			);
			path = "Easy-Browser";
			sourceTree = "<group>";
		};
		8A7AE11D2401849500DAC019 /* Extenstions */ = {
			isa = PBXGroup;
			children = (
				8A7AE11724016ED700DAC019 /* ViewController+HandlePages.swift */,
				8A7AE11924016F3200DAC019 /* ViewController+ProgressBar.swift */,
			);
			path = Extenstions;
			sourceTree = "<group>";
		};
		8A7AE11E2401A7B900DAC019 /* Protocols */ = {
			isa = PBXGroup;
			children = (
				8A7AE11F2401A7D900DAC019 /* LinksProtocol.swift */,
			);
			path = Protocols;
			sourceTree = "<group>";
		};
		8A7AE1212401B52B00DAC019 /* ViewControllers */ = {
			isa = PBXGroup;
			children = (
				8A7AE10724013C5900DAC019 /* ViewController.swift */,
				8A7AE11B2401841E00DAC019 /* LinksViewController.swift */,
			);
			path = ViewControllers;
			sourceTree = "<group>";
		};
		8A7AE1222401B54300DAC019 /* Design */ = {
			isa = PBXGroup;
			children = (
				8A7AE10E24013C5B00DAC019 /* LaunchScreen.storyboard */,
				8A7AE10924013C5900DAC019 /* Main.storyboard */,
			);
			path = Design;
			sourceTree = "<group>";
		};
/* End PBXGroup section */

/* Begin PBXNativeTarget section */
		8A7AE10124013C5900DAC019 /* Easy-Browser */ = {
			isa = PBXNativeTarget;
			buildConfigurationList = 8A7AE11424013C5B00DAC019 /* Build configuration list for PBXNativeTarget "Easy-Browser" */;
			buildPhases = (
				8A7AE0FE24013C5900DAC019 /* Sources */,
				8A7AE0FF24013C5900DAC019 /* Frameworks */,
				8A7AE10024013C5900DAC019 /* Resources */,
			);
			buildRules = (
			);
			dependencies = (
			);
			name = "Easy-Browser";
			productName = "Easy-Browser";
			productReference = 8A7AE10224013C5900DAC019 /* Easy-Browser.app */;
			productType = "com.apple.product-type.application";
		};
/* End PBXNativeTarget section */

/* Begin PBXProject section */
		8A7AE0FA24013C5900DAC019 /* Project object */ = {
			isa = PBXProject;
			attributes = {
				LastSwiftUpdateCheck = 1020;
				LastUpgradeCheck = 1020;
				ORGANIZATIONNAME = KARIM;
				TargetAttributes = {
					8A7AE10124013C5900DAC019 = {
						CreatedOnToolsVersion = 10.2.1;
					};
				};
			};
			buildConfigurationList = 8A7AE0FD24013C5900DAC019 /* Build configuration list for PBXProject "Easy-Browser" */;
			compatibilityVersion = "Xcode 9.3";
			developmentRegion = en;
			hasScannedForEncodings = 0;
			knownRegions = (
				en,
				Base,
			);
			mainGroup = 8A7AE0F924013C5900DAC019;
			productRefGroup = 8A7AE10324013C5900DAC019 /* Products */;
			projectDirPath = "";
			projectRoot = "";
			targets = (
				8A7AE10124013C5900DAC019 /* Easy-Browser */,
			);
		};
/* End PBXProject section */

/* Begin PBXResourcesBuildPhase section */
		8A7AE10024013C5900DAC019 /* Resources */ = {
			isa = PBXResourcesBuildPhase;
			buildActionMask = 2147483647;
			files = (
				8A7AE11024013C5B00DAC019 /* LaunchScreen.storyboard in Resources */,
				8A7AE10D24013C5B00DAC019 /* Assets.xcassets in Resources */,
				8A7AE10B24013C5900DAC019 /* Main.storyboard in Resources */,
			);
			runOnlyForDeploymentPostprocessing = 0;
		};
/* End PBXResourcesBuildPhase section */

/* Begin PBXSourcesBuildPhase section */
		8A7AE0FE24013C5900DAC019 /* Sources */ = {
			isa = PBXSourcesBuildPhase;
			buildActionMask = 2147483647;
			files = (
				8A7AE10824013C5900DAC019 /* ViewController.swift in Sources */,
				8A7AE1202401A7D900DAC019 /* LinksProtocol.swift in Sources */,
				8A7AE11824016ED700DAC019 /* ViewController+HandlePages.swift in Sources */,
				8A7AE11A24016F3200DAC019 /* ViewController+ProgressBar.swift in Sources */,
				8A7AE11C2401841E00DAC019 /* LinksViewController.swift in Sources */,
				8A7AE10624013C5900DAC019 /* AppDelegate.swift in Sources */,
			);
			runOnlyForDeploymentPostprocessing = 0;
		};
/* End PBXSourcesBuildPhase section */

/* Begin PBXVariantGroup section */
		8A7AE10924013C5900DAC019 /* Main.storyboard */ = {
			isa = PBXVariantGroup;
			children = (
				8A7AE10A24013C5900DAC019 /* Base */,
			);
			name = Main.storyboard;
			sourceTree = "<group>";
		};
		8A7AE10E24013C5B00DAC019 /* LaunchScreen.storyboard */ = {
			isa = PBXVariantGroup;
			children = (
				8A7AE10F24013C5B00DAC019 /* Base */,
			);
			name = LaunchScreen.storyboard;
			sourceTree = "<group>";
		};
/* End PBXVariantGroup section */

/* Begin XCBuildConfiguration section */
		8A7AE11224013C5B00DAC019 /* Debug */ = {
			isa = XCBuildConfiguration;
			buildSettings = {
				ALWAYS_SEARCH_USER_PATHS = NO;
				CLANG_ANALYZER_NONNULL = YES;
				CLANG_ANALYZER_NUMBER_OBJECT_CONVERSION = YES_AGGRESSIVE;
				CLANG_CXX_LANGUAGE_STANDARD = "gnu++14";
				CLANG_CXX_LIBRARY = "libc++";
				CLANG_ENABLE_MODULES = YES;
				CLANG_ENABLE_OBJC_ARC = YES;
				CLANG_ENABLE_OBJC_WEAK = YES;
				CLANG_WARN_BLOCK_CAPTURE_AUTORELEASING = YES;
				CLANG_WARN_BOOL_CONVERSION = YES;
				CLANG_WARN_COMMA = YES;
				CLANG_WARN_CONSTANT_CONVERSION = YES;
				CLANG_WARN_DEPRECATED_OBJC_IMPLEMENTATIONS = YES;
				CLANG_WARN_DIRECT_OBJC_ISA_USAGE = YES_ERROR;
				CLANG_WARN_DOCUMENTATION_COMMENTS = YES;
				CLANG_WARN_EMPTY_BODY = YES;
				CLANG_WARN_ENUM_CONVERSION = YES;
				CLANG_WARN_INFINITE_RECURSION = YES;
				CLANG_WARN_INT_CONVERSION = YES;
				CLANG_WARN_NON_LITERAL_NULL_CONVERSION = YES;
				CLANG_WARN_OBJC_IMPLICIT_RETAIN_SELF = YES;
				CLANG_WARN_OBJC_LITERAL_CONVERSION = YES;
				CLANG_WARN_OBJC_ROOT_CLASS = YES_ERROR;
				CLANG_WARN_RANGE_LOOP_ANALYSIS = YES;
				CLANG_WARN_STRICT_PROTOTYPES = YES;
				CLANG_WARN_SUSPICIOUS_MOVE = YES;
				CLANG_WARN_UNGUARDED_AVAILABILITY = YES_AGGRESSIVE;
				CLANG_WARN_UNREACHABLE_CODE = YES;
				CLANG_WARN__DUPLICATE_METHOD_MATCH = YES;
				CODE_SIGN_IDENTITY = "iPhone Developer";
				COPY_PHASE_STRIP = NO;
				DEBUG_INFORMATION_FORMAT = dwarf;
				ENABLE_STRICT_OBJC_MSGSEND = YES;
				ENABLE_TESTABILITY = YES;
				GCC_C_LANGUAGE_STANDARD = gnu11;
				GCC_DYNAMIC_NO_PIC = NO;
				GCC_NO_COMMON_BLOCKS = YES;
				GCC_OPTIMIZATION_LEVEL = 0;
				GCC_PREPROCESSOR_DEFINITIONS = (
					"DEBUG=1",
					"$(inherited)",
				);
				GCC_WARN_64_TO_32_BIT_CONVERSION = YES;
				GCC_WARN_ABOUT_RETURN_TYPE = YES_ERROR;
				GCC_WARN_UNDECLARED_SELECTOR = YES;
				GCC_WARN_UNINITIALIZED_AUTOS = YES_AGGRESSIVE;
				GCC_WARN_UNUSED_FUNCTION = YES;
				GCC_WARN_UNUSED_VARIABLE = YES;
				IPHONEOS_DEPLOYMENT_TARGET = 12.2;
				MTL_ENABLE_DEBUG_INFO = INCLUDE_SOURCE;
				MTL_FAST_MATH = YES;
				ONLY_ACTIVE_ARCH = YES;
				SDKROOT = iphoneos;
				SWIFT_ACTIVE_COMPILATION_CONDITIONS = DEBUG;
				SWIFT_OPTIMIZATION_LEVEL = "-Onone";
			};
			name = Debug;
		};
		8A7AE11324013C5B00DAC019 /* Release */ = {
			isa = XCBuildConfiguration;
			buildSettings = {
				ALWAYS_SEARCH_USER_PATHS = NO;
				CLANG_ANALYZER_NONNULL = YES;
				CLANG_ANALYZER_NUMBER_OBJECT_CONVERSION = YES_AGGRESSIVE;
				CLANG_CXX_LANGUAGE_STANDARD = "gnu++14";
				CLANG_CXX_LIBRARY = "libc++";
				CLANG_ENABLE_MODULES = YES;
				CLANG_ENABLE_OBJC_ARC = YES;
				CLANG_ENABLE_OBJC_WEAK = YES;
				CLANG_WARN_BLOCK_CAPTURE_AUTORELEASING = YES;
				CLANG_WARN_BOOL_CONVERSION = YES;
				CLANG_WARN_COMMA = YES;
				CLANG_WARN_CONSTANT_CONVERSION = YES;
				CLANG_WARN_DEPRECATED_OBJC_IMPLEMENTATIONS = YES;
				CLANG_WARN_DIRECT_OBJC_ISA_USAGE = YES_ERROR;
				CLANG_WARN_DOCUMENTATION_COMMENTS = YES;
				CLANG_WARN_EMPTY_BODY = YES;
				CLANG_WARN_ENUM_CONVERSION = YES;
				CLANG_WARN_INFINITE_RECURSION = YES;
				CLANG_WARN_INT_CONVERSION = YES;
				CLANG_WARN_NON_LITERAL_NULL_CONVERSION = YES;
				CLANG_WARN_OBJC_IMPLICIT_RETAIN_SELF = YES;
				CLANG_WARN_OBJC_LITERAL_CONVERSION = YES;
				CLANG_WARN_OBJC_ROOT_CLASS = YES_ERROR;
				CLANG_WARN_RANGE_LOOP_ANALYSIS = YES;
				CLANG_WARN_STRICT_PROTOTYPES = YES;
				CLANG_WARN_SUSPICIOUS_MOVE = YES;
				CLANG_WARN_UNGUARDED_AVAILABILITY = YES_AGGRESSIVE;
				CLANG_WARN_UNREACHABLE_CODE = YES;
				CLANG_WARN__DUPLICATE_METHOD_MATCH = YES;
				CODE_SIGN_IDENTITY = "iPhone Developer";
				COPY_PHASE_STRIP = NO;
				DEBUG_INFORMATION_FORMAT = "dwarf-with-dsym";
				ENABLE_NS_ASSERTIONS = NO;
				ENABLE_STRICT_OBJC_MSGSEND = YES;
				GCC_C_LANGUAGE_STANDARD = gnu11;
				GCC_NO_COMMON_BLOCKS = YES;
				GCC_WARN_64_TO_32_BIT_CONVERSION = YES;
				GCC_WARN_ABOUT_RETURN_TYPE = YES_ERROR;
				GCC_WARN_UNDECLARED_SELECTOR = YES;
				GCC_WARN_UNINITIALIZED_AUTOS = YES_AGGRESSIVE;
				GCC_WARN_UNUSED_FUNCTION = YES;
				GCC_WARN_UNUSED_VARIABLE = YES;
				IPHONEOS_DEPLOYMENT_TARGET = 12.2;
				MTL_ENABLE_DEBUG_INFO = NO;
				MTL_FAST_MATH = YES;
				SDKROOT = iphoneos;
				SWIFT_COMPILATION_MODE = wholemodule;
				SWIFT_OPTIMIZATION_LEVEL = "-O";
				VALIDATE_PRODUCT = YES;
			};
			name = Release;
		};
		8A7AE11524013C5B00DAC019 /* Debug */ = {
			isa = XCBuildConfiguration;
			buildSettings = {
				ASSETCATALOG_COMPILER_APPICON_NAME = AppIcon;
				CODE_SIGN_STYLE = Automatic;
				INFOPLIST_FILE = "Easy-Browser/Info.plist";
				LD_RUNPATH_SEARCH_PATHS = (
					"$(inherited)",
					"@executable_path/Frameworks",
				);
				PRODUCT_BUNDLE_IDENTIFIER = "com.karim.Easy-Browser";
				PRODUCT_NAME = "$(TARGET_NAME)";
				SWIFT_VERSION = 5.0;
				TARGETED_DEVICE_FAMILY = "1,2";
			};
			name = Debug;
		};
		8A7AE11624013C5B00DAC019 /* Release */ = {
			isa = XCBuildConfiguration;
			buildSettings = {
				ASSETCATALOG_COMPILER_APPICON_NAME = AppIcon;
				CODE_SIGN_STYLE = Automatic;
				INFOPLIST_FILE = "Easy-Browser/Info.plist";
				LD_RUNPATH_SEARCH_PATHS = (
					"$(inherited)",
					"@executable_path/Frameworks",
				);
				PRODUCT_BUNDLE_IDENTIFIER = "com.karim.Easy-Browser";
				PRODUCT_NAME = "$(TARGET_NAME)";
				SWIFT_VERSION = 5.0;
				TARGETED_DEVICE_FAMILY = "1,2";
			};
			name = Release;
		};
/* End XCBuildConfiguration section */

/* Begin XCConfigurationList section */
		8A7AE0FD24013C5900DAC019 /* Build configuration list for PBXProject "Easy-Browser" */ = {
			isa = XCConfigurationList;
			buildConfigurations = (
				8A7AE11224013C5B00DAC019 /* Debug */,
				8A7AE11324013C5B00DAC019 /* Release */,
			);
			defaultConfigurationIsVisible = 0;
			defaultConfigurationName = Release;
		};
		8A7AE11424013C5B00DAC019 /* Build configuration list for PBXNativeTarget "Easy-Browser" */ = {
			isa = XCConfigurationList;
			buildConfigurations = (
				8A7AE11524013C5B00DAC019 /* Debug */,
				8A7AE11624013C5B00DAC019 /* Release */,
			);
			defaultConfigurationIsVisible = 0;
			defaultConfigurationName = Release;
		};
/* End XCConfigurationList section */
	};
	rootObject = 8A7AE0FA24013C5900DAC019 /* Project object */;
}
